
Microsoft Visual Studio Solution File, Format Version 12.00
# Visual Studio Version 16
VisualStudioVersion = 16.0.31005.135
MinimumVisualStudioVersion = 10.0.40219.1
Project("{9A19103F-16F7-4668-BE54-9A1E7A4F7556}") = "ULogView", "ULogView\ULogView.csproj", "{8FCE75BF-8633-4458-B881-24CEBAB3201C}"
EndProject
Project("{6EC3EE1D-3C4E-46DD-8F32-0CC8E7565705}") = "Server", "Server\Server.fsproj", "{AAD1FC1D-CD47-4779-9D9E-038FFCBE63EE}"
EndProject
Project("{F2A71F9B-5D33-465A-A702-920D77279786}") = "ULogViewServer", "ULogViewServer\ULogViewServer.fsproj", "{79083FB4-B2CE-49CB-8C46-DA4D76E7A218}"
EndProject
Global
	GlobalSection(SolutionConfigurationPlatforms) = preSolution
		Debug|Any CPU = Debug|Any CPU
		Release|Any CPU = Release|Any CPU
	EndGlobalSection
	GlobalSection(ProjectConfigurationPlatforms) = postSolution
		{8FCE75BF-8633-4458-B881-24CEBAB3201C}.Debug|Any CPU.ActiveCfg = Debug|Any CPU
		{8FCE75BF-8633-4458-B881-24CEBAB3201C}.Debug|Any CPU.Build.0 = Debug|Any CPU
		{8FCE75BF-8633-4458-B881-24CEBAB3201C}.Release|Any CPU.ActiveCfg = Release|Any CPU
		{8FCE75BF-8633-4458-B881-24CEBAB3201C}.Release|Any CPU.Build.0 = Release|Any CPU
		{AAD1FC1D-CD47-4779-9D9E-038FFCBE63EE}.Debug|Any CPU.ActiveCfg = Debug|Any CPU
		{AAD1FC1D-CD47-4779-9D9E-038FFCBE63EE}.Debug|Any CPU.Build.0 = Debug|Any CPU
		{AAD1FC1D-CD47-4779-9D9E-038FFCBE63EE}.Release|Any CPU.ActiveCfg = Release|Any CPU
		{AAD1FC1D-CD47-4779-9D9E-038FFCBE63EE}.Release|Any CPU.Build.0 = Release|Any CPU
		{79083FB4-B2CE-49CB-8C46-DA4D76E7A218}.Debug|Any CPU.ActiveCfg = Debug|Any CPU
		{79083FB4-B2CE-49CB-8C46-DA4D76E7A218}.Debug|Any CPU.Build.0 = Debug|Any CPU
		{79083FB4-B2CE-49CB-8C46-DA4D76E7A218}.Release|Any CPU.ActiveCfg = Release|Any CPU
		{79083FB4-B2CE-49CB-8C46-DA4D76E7A218}.Release|Any CPU.Build.0 = Release|Any CPU
	EndGlobalSection
	GlobalSection(SolutionProperties) = preSolution
		HideSolutionNode = FALSE
	EndGlobalSection
	GlobalSection(ExtensibilityGlobals) = postSolution
		SolutionGuid = {18290EAD-F5BC-4962-8A67-413D8D8D1493}
	EndGlobalSection
EndGlobal
